// !$*UTF8*$!
{
	archiveVersion = 1;
	classes = {
	};
	objectVersion = 56;
	objects = {

/* Begin PBXBuildFile section */
		APP001 /* OfflineCinemaApp.swift in Sources */ = {isa = PBXBuildFile; fileRef = SRC001 /* OfflineCinemaApp.swift */; };
		APP002 /* ContentView.swift in Sources */ = {isa = PBXBuildFile; fileRef = SRC002 /* ContentView.swift */; };
		APP003 /* Assets.xcassets in Resources */ = {isa = PBXBuildFile; fileRef = RES001 /* Assets.xcassets */; };
		APP004 /* Collection.swift in Sources */ = {isa = PBXBuildFile; fileRef = SRC004 /* Collection.swift */; };
		APP005 /* Video.swift in Sources */ = {isa = PBXBuildFile; fileRef = SRC005 /* Video.swift */; };
		APP006 /* WatchProgress.swift in Sources */ = {isa = PBXBuildFile; fileRef = SRC006 /* WatchProgress.swift */; };
		APP007 /* PersistenceService.swift in Sources */ = {isa = PBXBuildFile; fileRef = SRC007 /* PersistenceService.swift */; };
		APP008 /* ThumbnailGenerator.swift in Sources */ = {isa = PBXBuildFile; fileRef = SRC008 /* ThumbnailGenerator.swift */; };
		APP009 /* VideoLibrary.swift in Sources */ = {isa = PBXBuildFile; fileRef = SRC009 /* VideoLibrary.swift */; };
		APP010 /* AppKitSplitHost.swift in Sources */ = {isa = PBXBuildFile; fileRef = SRC010 /* AppKitSplitHost.swift */; };
		APP011 /* GlassBackground.swift in Sources */ = {isa = PBXBuildFile; fileRef = SRC011 /* GlassBackground.swift */; };
		APP012 /* VisualEffectBackground.swift in Sources */ = {isa = PBXBuildFile; fileRef = SRC012 /* VisualEffectBackground.swift */; };
		APP013 /* WindowStateObserver.swift in Sources */ = {isa = PBXBuildFile; fileRef = SRC013 /* WindowStateObserver.swift */; };
		APP014 /* LibraryDetailView.swift in Sources */ = {isa = PBXBuildFile; fileRef = SRC014 /* LibraryDetailView.swift */; };
		APP015 /* SidebarView.swift in Sources */ = {isa = PBXBuildFile; fileRef = SRC015 /* SidebarView.swift */; };
		APP016 /* VideoGridView.swift in Sources */ = {isa = PBXBuildFile; fileRef = SRC016 /* VideoGridView.swift */; };
		APP017 /* VideoPlayerView.swift in Sources */ = {isa = PBXBuildFile; fileRef = SRC017 /* VideoPlayerView.swift */; };
/* End PBXBuildFile section */

/* Begin PBXFileReference section */
		CFG001 /* Info.plist */ = {isa = PBXFileReference; lastKnownFileType = text.plist.xml; path = Info.plist; sourceTree = "<group>"; };
		CFG002 /* OfflineCinema.entitlements */ = {isa = PBXFileReference; lastKnownFileType = text.plist.entitlements; path = OfflineCinema.entitlements; sourceTree = "<group>"; };
		PRD001 /* Offline Cinema.app */ = {isa = PBXFileReference; explicitFileType = wrapper.application; includeInIndex = 0; path = "Offline Cinema.app"; sourceTree = BUILT_PRODUCTS_DIR; };
		RES001 /* Assets.xcassets */ = {isa = PBXFileReference; lastKnownFileType = folder.assetcatalog; path = Assets.xcassets; sourceTree = "<group>"; };
		SRC001 /* OfflineCinemaApp.swift */ = {isa = PBXFileReference; lastKnownFileType = sourcecode.swift; path = OfflineCinemaApp.swift; sourceTree = "<group>"; };
		SRC002 /* ContentView.swift */ = {isa = PBXFileReference; lastKnownFileType = sourcecode.swift; path = ContentView.swift; sourceTree = "<group>"; };
		SRC004 /* Collection.swift */ = {isa = PBXFileReference; lastKnownFileType = sourcecode.swift; path = Collection.swift; sourceTree = "<group>"; };
		SRC005 /* Video.swift */ = {isa = PBXFileReference; lastKnownFileType = sourcecode.swift; path = Video.swift; sourceTree = "<group>"; };
		SRC006 /* WatchProgress.swift */ = {isa = PBXFileReference; lastKnownFileType = sourcecode.swift; path = WatchProgress.swift; sourceTree = "<group>"; };
		SRC007 /* PersistenceService.swift */ = {isa = PBXFileReference; lastKnownFileType = sourcecode.swift; path = PersistenceService.swift; sourceTree = "<group>"; };
		SRC008 /* ThumbnailGenerator.swift */ = {isa = PBXFileReference; lastKnownFileType = sourcecode.swift; path = ThumbnailGenerator.swift; sourceTree = "<group>"; };
		SRC009 /* VideoLibrary.swift */ = {isa = PBXFileReference; lastKnownFileType = sourcecode.swift; path = VideoLibrary.swift; sourceTree = "<group>"; };
		SRC010 /* AppKitSplitHost.swift */ = {isa = PBXFileReference; lastKnownFileType = sourcecode.swift; path = AppKitSplitHost.swift; sourceTree = "<group>"; };
		SRC011 /* GlassBackground.swift */ = {isa = PBXFileReference; lastKnownFileType = sourcecode.swift; path = GlassBackground.swift; sourceTree = "<group>"; };
		SRC012 /* VisualEffectBackground.swift */ = {isa = PBXFileReference; lastKnownFileType = sourcecode.swift; path = VisualEffectBackground.swift; sourceTree = "<group>"; };
		SRC013 /* WindowStateObserver.swift */ = {isa = PBXFileReference; lastKnownFileType = sourcecode.swift; path = WindowStateObserver.swift; sourceTree = "<group>"; };
		SRC014 /* LibraryDetailView.swift */ = {isa = PBXFileReference; lastKnownFileType = sourcecode.swift; path = LibraryDetailView.swift; sourceTree = "<group>"; };
		SRC015 /* SidebarView.swift */ = {isa = PBXFileReference; lastKnownFileType = sourcecode.swift; path = SidebarView.swift; sourceTree = "<group>"; };
		SRC016 /* VideoGridView.swift */ = {isa = PBXFileReference; lastKnownFileType = sourcecode.swift; path = VideoGridView.swift; sourceTree = "<group>"; };
		SRC017 /* VideoPlayerView.swift */ = {isa = PBXFileReference; lastKnownFileType = sourcecode.swift; path = VideoPlayerView.swift; sourceTree = "<group>"; };
/* End PBXFileReference section */

/* Begin PBXFrameworksBuildPhase section */
		FWK001 /* Frameworks */ = {
			isa = PBXFrameworksBuildPhase;
			buildActionMask = 2147483647;
			files = (
			);
			runOnlyForDeploymentPostprocessing = 0;
		};
/* End PBXFrameworksBuildPhase section */

/* Begin PBXGroup section */
		GRP000 = {
			isa = PBXGroup;
			children = (
				GRP001 /* OfflineCinema */,
				GRP002 /* Products */,
			);
			sourceTree = "<group>";
		};
		GRP001 /* OfflineCinema */ = {
			isa = PBXGroup;
			children = (
				SRC001 /* OfflineCinemaApp.swift */,
				GRP003 /* Models */,
				GRP004 /* Services */,
				GRP005 /* Views */,
				RES001 /* Assets.xcassets */,
				CFG001 /* Info.plist */,
				CFG002 /* OfflineCinema.entitlements */,
			);
			path = OfflineCinema;
			sourceTree = "<group>";
		};
		GRP002 /* Products */ = {
			isa = PBXGroup;
			children = (
				PRD001 /* Offline Cinema.app */,
			);
			name = Products;
			sourceTree = "<group>";
		};
		GRP003 /* Models */ = {
			isa = PBXGroup;
			children = (
				SRC004 /* Collection.swift */,
				SRC005 /* Video.swift */,
				SRC006 /* WatchProgress.swift */,
			);
			path = Models;
			sourceTree = "<group>";
		};
		GRP004 /* Services */ = {
			isa = PBXGroup;
			children = (
				SRC007 /* PersistenceService.swift */,
				SRC008 /* ThumbnailGenerator.swift */,
				SRC009 /* VideoLibrary.swift */,
			);
			path = Services;
			sourceTree = "<group>";
		};
		GRP005 /* Views */ = {
			isa = PBXGroup;
			children = (
				SRC002 /* ContentView.swift */,
				SRC010 /* AppKitSplitHost.swift */,
				SRC014 /* LibraryDetailView.swift */,
				SRC015 /* SidebarView.swift */,
				SRC016 /* VideoGridView.swift */,
				SRC017 /* VideoPlayerView.swift */,
				GRP006 /* Components */,
			);
			path = Views;
			sourceTree = "<group>";
		};
		GRP006 /* Components */ = {
			isa = PBXGroup;
			children = (
				SRC011 /* GlassBackground.swift */,
				SRC012 /* VisualEffectBackground.swift */,
				SRC013 /* WindowStateObserver.swift */,
			);
			path = Components;
			sourceTree = "<group>";
		};
/* End PBXGroup section */

/* Begin PBXNativeTarget section */
		TGT001 /* OfflineCinema */ = {
			isa = PBXNativeTarget;
			buildConfigurationList = CFG003 /* Build configuration list for PBXNativeTarget "OfflineCinema" */;
			buildPhases = (
				SRC003 /* Sources */,
				FWK001 /* Frameworks */,
				RES002 /* Resources */,
			);
			buildRules = (
			);
			dependencies = (
			);
			name = OfflineCinema;
			productName = OfflineCinema;
			productReference = PRD001 /* Offline Cinema.app */;
			productType = "com.apple.product-type.application";
		};
/* End PBXNativeTarget section */

/* Begin PBXProject section */
		PRJ001 /* Project object */ = {
			isa = PBXProject;
			attributes = {
				BuildIndependentTargetsInParallel = 1;
				LastSwiftUpdateCheck = 1500;
				LastUpgradeCheck = 1500;
				TargetAttributes = {
					TGT001 = {
						CreatedOnToolsVersion = 15.0;
					};
				};
			};
			buildConfigurationList = CFG004 /* Build configuration list for PBXProject "OfflineCinema" */;
			compatibilityVersion = "Xcode 14.0";
			developmentRegion = en;
			hasScannedForEncodings = 0;
			knownRegions = (
				en,
				Base,
			);
			mainGroup = GRP000;
			productRefGroup = GRP002 /* Products */;
			projectDirPath = "";
			projectRoot = "";
			targets = (
				TGT001 /* OfflineCinema */,
			);
		};
/* End PBXProject section */

/* Begin PBXResourcesBuildPhase section */
		RES002 /* Resources */ = {
			isa = PBXResourcesBuildPhase;
			buildActionMask = 2147483647;
			files = (
				APP003 /* Assets.xcassets in Resources */,
			);
			runOnlyForDeploymentPostprocessing = 0;
		};
/* End PBXResourcesBuildPhase section */

/* Begin PBXSourcesBuildPhase section */
		SRC003 /* Sources */ = {
			isa = PBXSourcesBuildPhase;
			buildActionMask = 2147483647;
			files = (
				APP001 /* OfflineCinemaApp.swift in Sources */,
				APP002 /* ContentView.swift in Sources */,
				APP004 /* Collection.swift in Sources */,
				APP005 /* Video.swift in Sources */,
				APP006 /* WatchProgress.swift in Sources */,
				APP007 /* PersistenceService.swift in Sources */,
				APP008 /* ThumbnailGenerator.swift in Sources */,
				APP009 /* VideoLibrary.swift in Sources */,
				APP010 /* AppKitSplitHost.swift in Sources */,
				APP011 /* GlassBackground.swift in Sources */,
				APP012 /* VisualEffectBackground.swift in Sources */,
				APP013 /* WindowStateObserver.swift in Sources */,
				APP014 /* LibraryDetailView.swift in Sources */,
				APP015 /* SidebarView.swift in Sources */,
				APP016 /* VideoGridView.swift in Sources */,
				APP017 /* VideoPlayerView.swift in Sources */,
			);
			runOnlyForDeploymentPostprocessing = 0;
		};
/* End PBXSourcesBuildPhase section */

/* Begin XCBuildConfiguration section */
		BLD001 /* Debug */ = {
			isa = XCBuildConfiguration;
			buildSettings = {
				ALWAYS_SEARCH_USER_PATHS = NO;
				ASSETCATALOG_COMPILER_GENERATE_SWIFT_ASSET_SYMBOL_EXTENSIONS = YES;
				CLANG_ANALYZER_NONNULL = YES;
				CLANG_ANALYZER_NUMBER_OBJECT_CONVERSION = YES_AGGRESSIVE;
				CLANG_CXX_LANGUAGE_STANDARD = "gnu++20";
				CLANG_ENABLE_MODULES = YES;
				CLANG_ENABLE_OBJC_ARC = YES;
				CLANG_ENABLE_OBJC_WEAK = YES;
				CLANG_WARN_BLOCK_CAPTURE_AUTORELEASING = YES;
				CLANG_WARN_BOOL_CONVERSION = YES;
				CLANG_WARN_COMMA = YES;
				CLANG_WARN_CONSTANT_CONVERSION = YES;
				CLANG_WARN_DEPRECATED_OBJC_IMPLEMENTATIONS = YES;
				CLANG_WARN_DIRECT_OBJC_ISA_USAGE = YES_ERROR;
				CLANG_WARN_DOCUMENTATION_COMMENTS = YES;
				CLANG_WARN_EMPTY_BODY = YES;
				CLANG_WARN_ENUM_CONVERSION = YES;
				CLANG_WARN_INFINITE_RECURSION = YES;
				CLANG_WARN_INT_CONVERSION = YES;
				CLANG_WARN_NON_LITERAL_NULL_CONVERSION = YES;
				CLANG_WARN_OBJC_IMPLICIT_RETAIN_SELF = YES;
				CLANG_WARN_OBJC_LITERAL_CONVERSION = YES;
				CLANG_WARN_OBJC_ROOT_CLASS = YES_ERROR;
				CLANG_WARN_QUOTED_INCLUDE_IN_FRAMEWORK_HEADER = YES;
				CLANG_WARN_RANGE_LOOP_ANALYSIS = YES;
				CLANG_WARN_STRICT_PROTOTYPES = YES;
				CLANG_WARN_SUSPICIOUS_MOVE = YES;
				CLANG_WARN_UNGUARDED_AVAILABILITY = YES_AGGRESSIVE;
				CLANG_WARN_UNREACHABLE_CODE = YES;
				CLANG_WARN__DUPLICATE_METHOD_MATCH = YES;
				COPY_PHASE_STRIP = NO;
				DEAD_CODE_STRIPPING = YES;
				DEBUG_INFORMATION_FORMAT = dwarf;
				ENABLE_STRICT_OBJC_MSGSEND = YES;
				ENABLE_TESTABILITY = YES;
				ENABLE_USER_SCRIPT_SANDBOXING = YES;
				GCC_C_LANGUAGE_STANDARD = gnu17;
				GCC_DYNAMIC_NO_PIC = NO;
				GCC_NO_COMMON_BLOCKS = YES;
				GCC_OPTIMIZATION_LEVEL = 0;
				GCC_PREPROCESSOR_DEFINITIONS = (
					"DEBUG=1",
					"$(inherited)",
				);
				GCC_WARN_64_TO_32_BIT_CONVERSION = YES;
				GCC_WARN_ABOUT_RETURN_TYPE = YES_ERROR;
				GCC_WARN_UNDECLARED_SELECTOR = YES;
				GCC_WARN_UNINITIALIZED_AUTOS = YES_AGGRESSIVE;
				GCC_WARN_UNUSED_FUNCTION = YES;
				GCC_WARN_UNUSED_VARIABLE = YES;
				LOCALIZATION_PREFERS_STRING_CATALOGS = YES;
				MACOSX_DEPLOYMENT_TARGET = 14.0;
				MTL_ENABLE_DEBUG_INFO = INCLUDE_SOURCE;
				MTL_FAST_MATH = YES;
				ONLY_ACTIVE_ARCH = YES;
				SDKROOT = macosx;
				SWIFT_ACTIVE_COMPILATION_CONDITIONS = "DEBUG $(inherited)";
				SWIFT_OPTIMIZATION_LEVEL = "-Onone";
			};
			name = Debug;
		};
		BLD002 /* Release */ = {
			isa = XCBuildConfiguration;
			buildSettings = {
				ALWAYS_SEARCH_USER_PATHS = NO;
				ASSETCATALOG_COMPILER_GENERATE_SWIFT_ASSET_SYMBOL_EXTENSIONS = YES;
				CLANG_ANALYZER_NONNULL = YES;
				CLANG_ANALYZER_NUMBER_OBJECT_CONVERSION = YES_AGGRESSIVE;
				CLANG_CXX_LANGUAGE_STANDARD = "gnu++20";
				CLANG_ENABLE_MODULES = YES;
				CLANG_ENABLE_OBJC_ARC = YES;
				CLANG_ENABLE_OBJC_WEAK = YES;
				CLANG_WARN_BLOCK_CAPTURE_AUTORELEASING = YES;
				CLANG_WARN_BOOL_CONVERSION = YES;
				CLANG_WARN_COMMA = YES;
				CLANG_WARN_CONSTANT_CONVERSION = YES;
				CLANG_WARN_DEPRECATED_OBJC_IMPLEMENTATIONS = YES;
				CLANG_WARN_DIRECT_OBJC_ISA_USAGE = YES_ERROR;
				CLANG_WARN_DOCUMENTATION_COMMENTS = YES;
				CLANG_WARN_EMPTY_BODY = YES;
				CLANG_WARN_ENUM_CONVERSION = YES;
				CLANG_WARN_INFINITE_RECURSION = YES;
				CLANG_WARN_INT_CONVERSION = YES;
				CLANG_WARN_NON_LITERAL_NULL_CONVERSION = YES;
				CLANG_WARN_OBJC_IMPLICIT_RETAIN_SELF = YES;
				CLANG_WARN_OBJC_LITERAL_CONVERSION = YES;
				CLANG_WARN_OBJC_ROOT_CLASS = YES_ERROR;
				CLANG_WARN_QUOTED_INCLUDE_IN_FRAMEWORK_HEADER = YES;
				CLANG_WARN_RANGE_LOOP_ANALYSIS = YES;
				CLANG_WARN_STRICT_PROTOTYPES = YES;
				CLANG_WARN_SUSPICIOUS_MOVE = YES;
				CLANG_WARN_UNGUARDED_AVAILABILITY = YES_AGGRESSIVE;
				CLANG_WARN_UNREACHABLE_CODE = YES;
				CLANG_WARN__DUPLICATE_METHOD_MATCH = YES;
				COPY_PHASE_STRIP = NO;
				DEAD_CODE_STRIPPING = YES;
				DEBUG_INFORMATION_FORMAT = "dwarf-with-dsym";
				ENABLE_NS_ASSERTIONS = NO;
				ENABLE_STRICT_OBJC_MSGSEND = YES;
				ENABLE_USER_SCRIPT_SANDBOXING = YES;
				GCC_C_LANGUAGE_STANDARD = gnu17;
				GCC_NO_COMMON_BLOCKS = YES;
				GCC_WARN_64_TO_32_BIT_CONVERSION = YES;
				GCC_WARN_ABOUT_RETURN_TYPE = YES_ERROR;
				GCC_WARN_UNDECLARED_SELECTOR = YES;
				GCC_WARN_UNINITIALIZED_AUTOS = YES_AGGRESSIVE;
				GCC_WARN_UNUSED_FUNCTION = YES;
				GCC_WARN_UNUSED_VARIABLE = YES;
				LOCALIZATION_PREFERS_STRING_CATALOGS = YES;
				MACOSX_DEPLOYMENT_TARGET = 14.0;
				MTL_ENABLE_DEBUG_INFO = NO;
				MTL_FAST_MATH = YES;
				SDKROOT = macosx;
				SWIFT_COMPILATION_MODE = wholemodule;
			};
			name = Release;
		};
		BLD003 /* Debug */ = {
			isa = XCBuildConfiguration;
			buildSettings = {
				ASSETCATALOG_COMPILER_APPICON_NAME = AppIcon;
				ASSETCATALOG_COMPILER_GLOBAL_ACCENT_COLOR_NAME = AccentColor;
				CODE_SIGN_ENTITLEMENTS = OfflineCinema/OfflineCinema.entitlements;
				CODE_SIGN_STYLE = Automatic;
				COMBINE_HIDPI_IMAGES = YES;
				CURRENT_PROJECT_VERSION = 2;
				DEAD_CODE_STRIPPING = YES;
				DEVELOPMENT_ASSET_PATHS = "";
				DEVELOPMENT_TEAM = BQ6Z84B8L5;
				ENABLE_APP_SANDBOX = YES;
				ENABLE_HARDENED_RUNTIME = YES;
				ENABLE_PREVIEWS = YES;
				ENABLE_USER_SELECTED_FILES = readwrite;
				GENERATE_INFOPLIST_FILE = YES;
				INFOPLIST_FILE = OfflineCinema/Info.plist;
				INFOPLIST_KEY_CFBundleDisplayName = "Offline Cinema";
				INFOPLIST_KEY_LSApplicationCategoryType = "public.app-category.video";
				INFOPLIST_KEY_NSHumanReadableCopyright = "Copyright © 2024. All rights reserved.";
				LD_RUNPATH_SEARCH_PATHS = (
					"$(inherited)",
					"@executable_path/../Frameworks",
				);
				MARKETING_VERSION = 1.0;
				PRODUCT_BUNDLE_IDENTIFIER = com.offlinecinema.app;
				PRODUCT_NAME = "Offline Cinema";
				SWIFT_EMIT_LOC_STRINGS = YES;
				SWIFT_VERSION = 5.0;
			};
			name = Debug;
		};
		BLD004 /* Release */ = {
			isa = XCBuildConfiguration;
			buildSettings = {
				ASSETCATALOG_COMPILER_APPICON_NAME = AppIcon;
				ASSETCATALOG_COMPILER_GLOBAL_ACCENT_COLOR_NAME = AccentColor;
				CODE_SIGN_ENTITLEMENTS = OfflineCinema/OfflineCinema.entitlements;
				CODE_SIGN_STYLE = Automatic;
				COMBINE_HIDPI_IMAGES = YES;
				CURRENT_PROJECT_VERSION = 2;
				DEAD_CODE_STRIPPING = YES;
				DEVELOPMENT_ASSET_PATHS = "";
				DEVELOPMENT_TEAM = BQ6Z84B8L5;
				ENABLE_APP_SANDBOX = YES;
				ENABLE_HARDENED_RUNTIME = YES;
				ENABLE_PREVIEWS = YES;
				ENABLE_USER_SELECTED_FILES = readwrite;
				GENERATE_INFOPLIST_FILE = YES;
				INFOPLIST_FILE = OfflineCinema/Info.plist;
				INFOPLIST_KEY_CFBundleDisplayName = "Offline Cinema";
				INFOPLIST_KEY_LSApplicationCategoryType = "public.app-category.video";
				INFOPLIST_KEY_NSHumanReadableCopyright = "Copyright © 2024. All rights reserved.";
				LD_RUNPATH_SEARCH_PATHS = (
					"$(inherited)",
					"@executable_path/../Frameworks",
				);
				MARKETING_VERSION = 1.0;
				PRODUCT_BUNDLE_IDENTIFIER = com.offlinecinema.app;
				PRODUCT_NAME = "Offline Cinema";
				SWIFT_EMIT_LOC_STRINGS = YES;
				SWIFT_VERSION = 5.0;
			};
			name = Release;
		};
/* End XCBuildConfiguration section */

/* Begin XCConfigurationList section */
		CFG003 /* Build configuration list for PBXNativeTarget "OfflineCinema" */ = {
			isa = XCConfigurationList;
			buildConfigurations = (
				BLD003 /* Debug */,
				BLD004 /* Release */,
			);
			defaultConfigurationIsVisible = 0;
			defaultConfigurationName = Release;
		};
		CFG004 /* Build configuration list for PBXProject "OfflineCinema" */ = {
			isa = XCConfigurationList;
			buildConfigurations = (
				BLD001 /* Debug */,
				BLD002 /* Release */,
			);
			defaultConfigurationIsVisible = 0;
			defaultConfigurationName = Release;
		};
/* End XCConfigurationList section */
	};
	rootObject = PRJ001 /* Project object */;
}
